
Microsoft Visual Studio Solution File, Format Version 12.00
# Visual Studio Version 16
VisualStudioVersion = 16.0.29509.3
MinimumVisualStudioVersion = 10.0.40219.1
Project("{FAE04EC0-301F-11D3-BF4B-00C04F79EFBC}") = "Invoice.Core", "Invoice.Core\Invoice.Core.csproj", "{DDC0D593-F7DC-4152-880A-D40E6BC31909}"
EndProject
Project("{FAE04EC0-301F-11D3-BF4B-00C04F79EFBC}") = "Invoice.DataAccess", "Invoice.DataAccess\Invoice.DataAccess.csproj", "{432C708D-92F5-4376-958C-91A4976FD7AA}"
EndProject
Project("{FAE04EC0-301F-11D3-BF4B-00C04F79EFBC}") = "Invoice.Business", "Invoice.Business\Invoice.Business.csproj", "{49976680-FA19-4587-823E-7F4FFFAFE926}"
EndProject
Project("{FAE04EC0-301F-11D3-BF4B-00C04F79EFBC}") = "Invoice.MvcWebUI", "Invoice.MvcWebUI\Invoice.MvcWebUI.csproj", "{266B60D7-CC75-4AB2-A57E-9D4545DD53E2}"
EndProject
Project("{FAE04EC0-301F-11D3-BF4B-00C04F79EFBC}") = "Invoice.Entites", "Invoice.Entites\Invoice.Entites.csproj", "{731951DE-A898-4502-A8C2-81F0B6ACB232}"
EndProject
Global
	GlobalSection(SolutionConfigurationPlatforms) = preSolution
		Debug|Any CPU = Debug|Any CPU
		Release|Any CPU = Release|Any CPU
	EndGlobalSection
	GlobalSection(ProjectConfigurationPlatforms) = postSolution
		{DDC0D593-F7DC-4152-880A-D40E6BC31909}.Debug|Any CPU.ActiveCfg = Debug|Any CPU
		{DDC0D593-F7DC-4152-880A-D40E6BC31909}.Debug|Any CPU.Build.0 = Debug|Any CPU
		{DDC0D593-F7DC-4152-880A-D40E6BC31909}.Release|Any CPU.ActiveCfg = Release|Any CPU
		{DDC0D593-F7DC-4152-880A-D40E6BC31909}.Release|Any CPU.Build.0 = Release|Any CPU
		{432C708D-92F5-4376-958C-91A4976FD7AA}.Debug|Any CPU.ActiveCfg = Debug|Any CPU
		{432C708D-92F5-4376-958C-91A4976FD7AA}.Debug|Any CPU.Build.0 = Debug|Any CPU
		{432C708D-92F5-4376-958C-91A4976FD7AA}.Release|Any CPU.ActiveCfg = Release|Any CPU
		{432C708D-92F5-4376-958C-91A4976FD7AA}.Release|Any CPU.Build.0 = Release|Any CPU
		{49976680-FA19-4587-823E-7F4FFFAFE926}.Debug|Any CPU.ActiveCfg = Debug|Any CPU
		{49976680-FA19-4587-823E-7F4FFFAFE926}.Debug|Any CPU.Build.0 = Debug|Any CPU
		{49976680-FA19-4587-823E-7F4FFFAFE926}.Release|Any CPU.ActiveCfg = Release|Any CPU
		{49976680-FA19-4587-823E-7F4FFFAFE926}.Release|Any CPU.Build.0 = Release|Any CPU
		{266B60D7-CC75-4AB2-A57E-9D4545DD53E2}.Debug|Any CPU.ActiveCfg = Debug|Any CPU
		{266B60D7-CC75-4AB2-A57E-9D4545DD53E2}.Debug|Any CPU.Build.0 = Debug|Any CPU
		{266B60D7-CC75-4AB2-A57E-9D4545DD53E2}.Release|Any CPU.ActiveCfg = Release|Any CPU
		{266B60D7-CC75-4AB2-A57E-9D4545DD53E2}.Release|Any CPU.Build.0 = Release|Any CPU
		{731951DE-A898-4502-A8C2-81F0B6ACB232}.Debug|Any CPU.ActiveCfg = Debug|Any CPU
		{731951DE-A898-4502-A8C2-81F0B6ACB232}.Debug|Any CPU.Build.0 = Debug|Any CPU
		{731951DE-A898-4502-A8C2-81F0B6ACB232}.Release|Any CPU.ActiveCfg = Release|Any CPU
		{731951DE-A898-4502-A8C2-81F0B6ACB232}.Release|Any CPU.Build.0 = Release|Any CPU
	EndGlobalSection
	GlobalSection(SolutionProperties) = preSolution
		HideSolutionNode = FALSE
	EndGlobalSection
	GlobalSection(ExtensibilityGlobals) = postSolution
		SolutionGuid = {8823AAEC-D75B-4CA8-9FCA-F99A8FA6CEE1}
	EndGlobalSection
EndGlobal
